
Microsoft Visual Studio Solution File, Format Version 12.00
# Visual Studio Version 17
VisualStudioVersion = 17.14.36623.8 d17.14
MinimumVisualStudioVersion = 10.0.40219.1
Project("{FAE04EC0-301F-11D3-BF4B-00C04F79EFBC}") = "ApiDockerExample", "ApiDockerExample\ApiDockerExample.csproj", "{5489BE75-06FD-47EC-BFFB-F988E332DBCD}"
EndProject
Project("{2150E333-8FDC-42A3-9474-1A3956D46DE8}") = "Elementos de la solución", "Elementos de la solución", "{D107F4C8-89CC-BEA8-D3D7-CA6B7733353D}"
	ProjectSection(SolutionItems) = preProject
		railway.toml = railway.toml
	EndProjectSection
EndProject
Global
	GlobalSection(SolutionConfigurationPlatforms) = preSolution
		Debug|Any CPU = Debug|Any CPU
		Release|Any CPU = Release|Any CPU
	EndGlobalSection
	GlobalSection(ProjectConfigurationPlatforms) = postSolution
		{5489BE75-06FD-47EC-BFFB-F988E332DBCD}.Debug|Any CPU.ActiveCfg = Debug|Any CPU
		{5489BE75-06FD-47EC-BFFB-F988E332DBCD}.Debug|Any CPU.Build.0 = Debug|Any CPU
		{5489BE75-06FD-47EC-BFFB-F988E332DBCD}.Release|Any CPU.ActiveCfg = Release|Any CPU
		{5489BE75-06FD-47EC-BFFB-F988E332DBCD}.Release|Any CPU.Build.0 = Release|Any CPU
	EndGlobalSection
	GlobalSection(SolutionProperties) = preSolution
		HideSolutionNode = FALSE
	EndGlobalSection
	GlobalSection(ExtensibilityGlobals) = postSolution
		SolutionGuid = {2154D5C0-ADAF-4076-B849-2AFDF32A2055}
	EndGlobalSection
EndGlobal
